{
  "name": "streammer",
  "version": "0.0.0",
  "lockfileVersion": 3,
  "requires": true,
  "packages": {
    "": {
      "name": "streammer",
      "version": "0.0.0",
      "dependencies": {
        "@dnd-kit/core": "^6.3.1",
        "@dnd-kit/sortable": "^10.0.0",
        "@editorjs/editorjs": "^2.31.0",
        "@editorjs/list": "^2.0.8",
        "@hello-pangea/dnd": "^18.0.1"
      }
    },
    "../../node_modules/.pnpm/@dnd-kit+core@6.3.1_react-dom@19.2.0_react@19.2.0__react@19.2.0/node_modules/@dnd-kit/core": {
      "version": "6.3.1",
      "extraneous": true,
      "license": "MIT",
      "dependencies": {
        "@dnd-kit/accessibility": "^3.1.1",
        "@dnd-kit/utilities": "^3.2.2",
        "tslib": "^2.0.0"
      },
      "peerDependencies": {
        "react": ">=16.8.0",
        "react-dom": ">=16.8.0"
      }
    },
    "../../node_modules/.pnpm/@dnd-kit+sortable@10.0.0_@dnd-kit+core@6.3.1_react-dom@19.2.0_react@19.2.0__react@19.2.0__react@19.2.0/node_modules/@dnd-kit/sortable": {
      "version": "10.0.0",
      "extraneous": true,
      "license": "MIT",
      "dependencies": {
        "@dnd-kit/utilities": "^3.2.2",
        "tslib": "^2.0.0"
      },
      "devDependencies": {
        "@dnd-kit/core": "^6.3.0"
      },
      "peerDependencies": {
        "@dnd-kit/core": "^6.3.0",
        "react": ">=16.8.0"
      }
    },
    "../../node_modules/.pnpm/@dnd-kit+utilities@3.2.2_react@19.2.0/node_modules/@dnd-kit/utilities": {
      "version": "3.2.2",
      "extraneous": true,
      "license": "MIT",
      "dependencies": {
        "tslib": "^2.0.0"
      },
      "peerDependencies": {
        "react": ">=16.8.0"
      }
    },
    "../../node_modules/.pnpm/@tanstack+react-query@5.90.3_react@19.2.0/node_modules/@tanstack/react-query": {
      "version": "5.90.3",
      "extraneous": true,
      "license": "MIT",
      "dependencies": {
        "@tanstack/query-core": "5.90.3"
      },
      "devDependencies": {
        "@tanstack/query-persist-client-core": "5.91.2",
        "@tanstack/query-test-utils": "0.0.0",
        "@testing-library/react": "^16.1.0",
        "@testing-library/react-render-stream": "^2.0.0",
        "@types/react": "^19.0.1",
        "@types/react-dom": "^19.0.2",
        "@vitejs/plugin-react": "^4.3.4",
        "cpy-cli": "^5.0.0",
        "npm-run-all2": "^5.0.0",
        "react": "^19.0.0",
        "react-dom": "^19.0.0",
        "react-error-boundary": "^4.1.2"
      },
      "funding": {
        "type": "github",
        "url": "https://github.com/sponsors/tannerlinsley"
      },
      "peerDependencies": {
        "react": "^18 || ^19"
      }
    },
    "../../node_modules/.pnpm/socket.io-client@4.8.1/node_modules/socket.io-client": {
      "version": "4.8.1",
      "extraneous": true,
      "license": "MIT",
      "dependencies": {
        "@socket.io/component-emitter": "~3.1.0",
        "debug": "~4.3.2",
        "engine.io-client": "~6.6.1",
        "socket.io-parser": "~4.2.4"
      },
      "engines": {
        "node": ">=10.0.0"
      }
    },
    "node_modules/@babel/runtime": {
      "version": "7.28.4",
      "resolved": "https://registry.npmjs.org/@babel/runtime/-/runtime-7.28.4.tgz",
      "integrity": "sha512-Q/N6JNWvIvPnLDvjlE1OUBLPQHH6l3CltCEsHIujp45zQUSSh8K+gHnaEX45yAT1nyngnINhvWtzN+Nb9D8RAQ==",
      "license": "MIT",
      "engines": {
        "node": ">=6.9.0"
      }
    },
    "node_modules/@codexteam/icons": {
      "version": "0.3.3",
      "resolved": "https://registry.npmjs.org/@codexteam/icons/-/icons-0.3.3.tgz",
      "integrity": "sha512-cp7mkZPgmBuSxigTm3Vb+DtVHYeX7qXfQd7o05vcLD8Ag5WvRlol2QSn5P10k0CDAJwmkH9nQGQLBycErS9lsQ==",
      "license": "MIT"
    },
    "node_modules/@dnd-kit/accessibility": {
      "version": "3.1.1",
      "resolved": "https://registry.npmjs.org/@dnd-kit/accessibility/-/accessibility-3.1.1.tgz",
      "integrity": "sha512-2P+YgaXF+gRsIihwwY1gCsQSYnu9Zyj2py8kY5fFvUM1qm2WA2u639R6YNVfU4GWr+ZM5mqEsfHZZLoRONbemw==",
      "license": "MIT",
      "dependencies": {
        "tslib": "^2.0.0"
      },
      "peerDependencies": {
        "react": ">=16.8.0"
      }
    },
    "node_modules/@dnd-kit/core": {
      "version": "6.3.1",
      "resolved": "https://registry.npmjs.org/@dnd-kit/core/-/core-6.3.1.tgz",
      "integrity": "sha512-xkGBRQQab4RLwgXxoqETICr6S5JlogafbhNsidmrkVv2YRs5MLwpjoF2qpiGjQt8S9AoxtIV603s0GIUpY5eYQ==",
      "license": "MIT",
      "dependencies": {
        "@dnd-kit/accessibility": "^3.1.1",
        "@dnd-kit/utilities": "^3.2.2",
        "tslib": "^2.0.0"
      },
      "peerDependencies": {
        "react": ">=16.8.0",
        "react-dom": ">=16.8.0"
      }
    },
    "node_modules/@dnd-kit/sortable": {
      "version": "10.0.0",
      "resolved": "https://registry.npmjs.org/@dnd-kit/sortable/-/sortable-10.0.0.tgz",
      "integrity": "sha512-+xqhmIIzvAYMGfBYYnbKuNicfSsk4RksY2XdmJhT+HAC01nix6fHCztU68jooFiMUB01Ky3F0FyOvhG/BZrWkg==",
      "license": "MIT",
      "dependencies": {
        "@dnd-kit/utilities": "^3.2.2",
        "tslib": "^2.0.0"
      },
      "peerDependencies": {
        "@dnd-kit/core": "^6.3.0",
        "react": ">=16.8.0"
      }
    },
    "node_modules/@dnd-kit/utilities": {
      "version": "3.2.2",
      "resolved": "https://registry.npmjs.org/@dnd-kit/utilities/-/utilities-3.2.2.tgz",
      "integrity": "sha512-+MKAJEOfaBe5SmV6t34p80MMKhjvUz0vRrvVJbPT0WElzaOJ/1xs+D+KDv+tD/NE5ujfrChEcshd4fLn0wpiqg==",
      "license": "MIT",
      "dependencies": {
        "tslib": "^2.0.0"
      },
      "peerDependencies": {
        "react": ">=16.8.0"
      }
    },
    "node_modules/@editorjs/caret": {
      "version": "1.0.3",
      "resolved": "https://registry.npmjs.org/@editorjs/caret/-/caret-1.0.3.tgz",
      "integrity": "sha512-VmgwQJZgL/LQjk049JunzRV1YCa0vDi+BNEpbDmr5cp3lGZllq9QQFO1eI71ZPzvFVn3vvhb+eOif4sAEyGgbw==",
      "license": "MIT",
      "dependencies": {
        "@editorjs/dom": "^1.0.1"
      }
    },
    "node_modules/@editorjs/dom": {
      "version": "1.0.1",
      "resolved": "https://registry.npmjs.org/@editorjs/dom/-/dom-1.0.1.tgz",
      "integrity": "sha512-yLO+86MYOIUr1Jl7SQw23SYT84ggv6aJW0EIRsI3NTHYgnQzmK7Bt2n5ZFupQlB0GJqmKqA5tCue3NKQb+o7Pw==",
      "license": "MIT",
      "dependencies": {
        "@editorjs/helpers": "^1.0.1"
      }
    },
    "node_modules/@editorjs/editorjs": {
      "version": "2.31.0",
      "resolved": "https://registry.npmjs.org/@editorjs/editorjs/-/editorjs-2.31.0.tgz",
      "integrity": "sha512-CBcIZXtPlg0dSlC5clO9OfTCmcxelj723jd4d67teFlaFJobjjxU1PmMxFJdhaRep5+nqdD0jr+fdJBqEDqt1g==",
      "license": "Apache-2.0",
      "dependencies": {
        "@editorjs/caret": "^1.0.1",
        "codex-notifier": "^1.1.2",
        "codex-tooltip": "^1.0.5"
      }
    },
    "node_modules/@editorjs/helpers": {
      "version": "1.0.1",
      "resolved": "https://registry.npmjs.org/@editorjs/helpers/-/helpers-1.0.1.tgz",
      "integrity": "sha512-Lmr8ImoQvoROXtzhsIJsA1ZtXzH46DmE6O8hMjn9/AvQq62UfjREjn+Ewi6KxjIZMay2PsgDEbLlsVyNJGEaxw==",
      "license": "MIT"
    },
    "node_modules/@editorjs/list": {
      "version": "2.0.8",
      "resolved": "https://registry.npmjs.org/@editorjs/list/-/list-2.0.8.tgz",
      "integrity": "sha512-/EJNvpeJYa1YDtYa85ug9R3sbDyI5ZlMHQ2bIh5S9iPa19qXe45jk6kgcew+jMNQq3j4NS4Q6YeeFbU1QkNMWw==",
      "license": "MIT",
      "dependencies": {
        "@codexteam/icons": "^0.3.2"
      }
    },
    "node_modules/@hello-pangea/dnd": {
      "version": "18.0.1",
      "resolved": "https://registry.npmjs.org/@hello-pangea/dnd/-/dnd-18.0.1.tgz",
      "integrity": "sha512-xojVWG8s/TGrKT1fC8K2tIWeejJYTAeJuj36zM//yEm/ZrnZUSFGS15BpO+jGZT1ybWvyXmeDJwPYb4dhWlbZQ==",
      "license": "Apache-2.0",
      "dependencies": {
        "@babel/runtime": "^7.26.7",
        "css-box-model": "^1.2.1",
        "raf-schd": "^4.0.3",
        "react-redux": "^9.2.0",
        "redux": "^5.0.1"
      },
      "peerDependencies": {
        "react": "^18.0.0 || ^19.0.0",
        "react-dom": "^18.0.0 || ^19.0.0"
      }
    },
    "node_modules/@types/use-sync-external-store": {
      "version": "0.0.6",
      "resolved": "https://registry.npmjs.org/@types/use-sync-external-store/-/use-sync-external-store-0.0.6.tgz",
      "integrity": "sha512-zFDAD+tlpf2r4asuHEj0XH6pY6i0g5NeAHPn+15wk3BV6JA69eERFXC1gyGThDkVa1zCyKr5jox1+2LbV/AMLg==",
      "license": "MIT"
    },
    "node_modules/codex-notifier": {
      "version": "1.1.2",
      "resolved": "https://registry.npmjs.org/codex-notifier/-/codex-notifier-1.1.2.tgz",
      "integrity": "sha512-DCp6xe/LGueJ1N5sXEwcBc3r3PyVkEEDNWCVigfvywAkeXcZMk9K41a31tkEFBW0Ptlwji6/JlAb49E3Yrxbtg==",
      "license": "MIT"
    },
    "node_modules/codex-tooltip": {
      "version": "1.0.5",
      "resolved": "https://registry.npmjs.org/codex-tooltip/-/codex-tooltip-1.0.5.tgz",
      "integrity": "sha512-IuA8LeyLU5p1B+HyhOsqR6oxyFQ11k3i9e9aXw40CrHFTRO2Y1npNBVU3W1SvhKAbUU7R/YikUBdcYFP0RcJag==",
      "license": "MIT"
    },
    "node_modules/css-box-model": {
      "version": "1.2.1",
      "resolved": "https://registry.npmjs.org/css-box-model/-/css-box-model-1.2.1.tgz",
      "integrity": "sha512-a7Vr4Q/kd/aw96bnJG332W9V9LkJO69JRcaCYDUqjp6/z0w6VcZjgAcTbgFxEPfBgdnAwlh3iwu+hLopa+flJw==",
      "license": "MIT",
      "dependencies": {
        "tiny-invariant": "^1.0.6"
      }
    },
    "node_modules/raf-schd": {
      "version": "4.0.3",
      "resolved": "https://registry.npmjs.org/raf-schd/-/raf-schd-4.0.3.tgz",
      "integrity": "sha512-tQkJl2GRWh83ui2DiPTJz9wEiMN20syf+5oKfB03yYP7ioZcJwsIK8FjrtLwH1m7C7e+Tt2yYBlrOpdT+dyeIQ==",
      "license": "MIT"
    },
    "node_modules/react": {
      "version": "19.2.0",
      "resolved": "https://registry.npmjs.org/react/-/react-19.2.0.tgz",
      "integrity": "sha512-tmbWg6W31tQLeB5cdIBOicJDJRR2KzXsV7uSK9iNfLWQ5bIZfxuPEHp7M8wiHyHnn0DD1i7w3Zmin0FtkrwoCQ==",
      "license": "MIT",
      "peer": true,
      "engines": {
        "node": ">=0.10.0"
      }
    },
    "node_modules/react-dom": {
      "version": "19.2.0",
      "resolved": "https://registry.npmjs.org/react-dom/-/react-dom-19.2.0.tgz",
      "integrity": "sha512-UlbRu4cAiGaIewkPyiRGJk0imDN2T3JjieT6spoL2UeSf5od4n5LB/mQ4ejmxhCFT1tYe8IvaFulzynWovsEFQ==",
      "license": "MIT",
      "peer": true,
      "dependencies": {
        "scheduler": "^0.27.0"
      },
      "peerDependencies": {
        "react": "^19.2.0"
      }
    },
    "node_modules/react-redux": {
      "version": "9.2.0",
      "resolved": "https://registry.npmjs.org/react-redux/-/react-redux-9.2.0.tgz",
      "integrity": "sha512-ROY9fvHhwOD9ySfrF0wmvu//bKCQ6AeZZq1nJNtbDC+kk5DuSuNX/n6YWYF/SYy7bSba4D4FSz8DJeKY/S/r+g==",
      "license": "MIT",
      "dependencies": {
        "@types/use-sync-external-store": "^0.0.6",
        "use-sync-external-store": "^1.4.0"
      },
      "peerDependencies": {
        "@types/react": "^18.2.25 || ^19",
        "react": "^18.0 || ^19",
        "redux": "^5.0.0"
      },
      "peerDependenciesMeta": {
        "@types/react": {
          "optional": true
        },
        "redux": {
          "optional": true
        }
      }
    },
    "node_modules/redux": {
      "version": "5.0.1",
      "resolved": "https://registry.npmjs.org/redux/-/redux-5.0.1.tgz",
      "integrity": "sha512-M9/ELqF6fy8FwmkpnF0S3YKOqMyoWJ4+CS5Efg2ct3oY9daQvd/Pc71FpGZsVsbl3Cpb+IIcjBDUnnyBdQbq4w==",
      "license": "MIT"
    },
    "node_modules/scheduler": {
      "version": "0.27.0",
      "resolved": "https://registry.npmjs.org/scheduler/-/scheduler-0.27.0.tgz",
      "integrity": "sha512-eNv+WrVbKu1f3vbYJT/xtiF5syA5HPIMtf9IgY/nKg0sWqzAUEvqY/xm7OcZc/qafLx/iO9FgOmeSAp4v5ti/Q==",
      "license": "MIT",
      "peer": true
    },
    "node_modules/tiny-invariant": {
      "version": "1.3.3",
      "resolved": "https://registry.npmjs.org/tiny-invariant/-/tiny-invariant-1.3.3.tgz",
      "integrity": "sha512-+FbBPE1o9QAYvviau/qC5SE3caw21q3xkvWKBtja5vgqOWIHHJ3ioaq1VPfn/Szqctz2bU/oYeKd9/z5BL+PVg==",
      "license": "MIT"
    },
    "node_modules/tslib": {
      "version": "2.8.1",
      "resolved": "https://registry.npmjs.org/tslib/-/tslib-2.8.1.tgz",
      "integrity": "sha512-oJFu94HQb+KVduSUQL7wnpmqnfmLsOA/nAh6b6EH0wCEoK0/mPeXU6c3wKDV83MkOuHPRHtSXKKU99IBazS/2w==",
      "license": "0BSD"
    },
    "node_modules/use-sync-external-store": {
      "version": "1.6.0",
      "resolved": "https://registry.npmjs.org/use-sync-external-store/-/use-sync-external-store-1.6.0.tgz",
      "integrity": "sha512-Pp6GSwGP/NrPIrxVFAIkOQeyw8lFenOHijQWkUTrDvrF4ALqylP2C/KCkeS9dpUM3KvYRQhna5vt7IL95+ZQ9w==",
      "license": "MIT",
      "peerDependencies": {
        "react": "^16.8.0 || ^17.0.0 || ^18.0.0 || ^19.0.0"
      }
    }
  }
}
